
Microsoft Visual Studio Solution File, Format Version 12.00
# Visual Studio 2012
Project("{FAE04EC0-301F-11D3-BF4B-00C04F79EFBC}") = "SudokuSolverCSharp", "SudokuSolverCSharp\SudokuSolverCSharp.csproj", "{285B95D8-5D38-4FB9-A13A-D480F2E153FA}"
EndProject
Global
	GlobalSection(SolutionConfigurationPlatforms) = preSolution
		Debug|x86 = Debug|x86
		Release|x86 = Release|x86
	EndGlobalSection
	GlobalSection(ProjectConfigurationPlatforms) = postSolution
		{285B95D8-5D38-4FB9-A13A-D480F2E153FA}.Debug|x86.ActiveCfg = Debug|x86
		{285B95D8-5D38-4FB9-A13A-D480F2E153FA}.Debug|x86.Build.0 = Debug|x86
		{285B95D8-5D38-4FB9-A13A-D480F2E153FA}.Release|x86.ActiveCfg = Release|x86
		{285B95D8-5D38-4FB9-A13A-D480F2E153FA}.Release|x86.Build.0 = Release|x86
	EndGlobalSection
	GlobalSection(SolutionProperties) = preSolution
		HideSolutionNode = FALSE
	EndGlobalSection
EndGlobal
